
Microsoft Visual Studio Solution File, Format Version 12.00
# Visual Studio Version 17
VisualStudioVersion = 17.3.32922.545
MinimumVisualStudioVersion = 10.0.40219.1
Project("{FAE04EC0-301F-11D3-BF4B-00C04F79EFBC}") = "Bibrusik", "Bibrusik\Bibrusik.csproj", "{B02DB94E-D855-4C98-A951-1249A80B2A20}"
EndProject
Global
	GlobalSection(SolutionConfigurationPlatforms) = preSolution
		Debug|Any CPU = Debug|Any CPU
		Release|Any CPU = Release|Any CPU
	EndGlobalSection
	GlobalSection(ProjectConfigurationPlatforms) = postSolution
		{B02DB94E-D855-4C98-A951-1249A80B2A20}.Debug|Any CPU.ActiveCfg = Debug|Any CPU
		{B02DB94E-D855-4C98-A951-1249A80B2A20}.Debug|Any CPU.Build.0 = Debug|Any CPU
		{B02DB94E-D855-4C98-A951-1249A80B2A20}.Release|Any CPU.ActiveCfg = Release|Any CPU
		{B02DB94E-D855-4C98-A951-1249A80B2A20}.Release|Any CPU.Build.0 = Release|Any CPU
	EndGlobalSection
	GlobalSection(SolutionProperties) = preSolution
		HideSolutionNode = FALSE
	EndGlobalSection
	GlobalSection(ExtensibilityGlobals) = postSolution
		SolutionGuid = {419E2215-457B-46F0-9DCE-DC449729FFD5}
	EndGlobalSection
EndGlobal
